
Microsoft Visual Studio Solution File, Format Version 12.00
# Visual Studio 2012
Project("{FAE04EC0-301F-11D3-BF4B-00C04F79EFBC}") = "TheProjector", "TheProjector\TheProjector.csproj", "{4458F57E-57AD-47F0-87C5-159DEC723A7A}"
EndProject
Global
	GlobalSection(SolutionConfigurationPlatforms) = preSolution
		Debug|Any CPU = Debug|Any CPU
		Release|Any CPU = Release|Any CPU
	EndGlobalSection
	GlobalSection(ProjectConfigurationPlatforms) = postSolution
		{4458F57E-57AD-47F0-87C5-159DEC723A7A}.Debug|Any CPU.ActiveCfg = Debug|Any CPU
		{4458F57E-57AD-47F0-87C5-159DEC723A7A}.Debug|Any CPU.Build.0 = Debug|Any CPU
		{4458F57E-57AD-47F0-87C5-159DEC723A7A}.Release|Any CPU.ActiveCfg = Release|Any CPU
		{4458F57E-57AD-47F0-87C5-159DEC723A7A}.Release|Any CPU.Build.0 = Release|Any CPU
	EndGlobalSection
	GlobalSection(SolutionProperties) = preSolution
		HideSolutionNode = FALSE
	EndGlobalSection
EndGlobal
